// !$*UTF8*$!
{
	archiveVersion = 1;
	classes = {
	};
	objectVersion = 46;
	objects = {

/* Begin PBXBuildFile section */
		847EE0AF1D1EB6D100561955 /* NSObject+AKIExtensions.m in Sources */ = {isa = PBXBuildFile; fileRef = 847EE0741D1EB6D100561955 /* NSObject+AKIExtensions.m */; };
		847EE0B01D1EB6D100561955 /* NSObject+AKIExtensions.m in Sources */ = {isa = PBXBuildFile; fileRef = 847EE0741D1EB6D100561955 /* NSObject+AKIExtensions.m */; settings = {COMPILER_FLAGS = "-fno-objc-arc"; }; };
		847EE0B11D1EB6D100561955 /* NSString+AKIExtensions.m in Sources */ = {isa = PBXBuildFile; fileRef = 847EE0761D1EB6D100561955 /* NSString+AKIExtensions.m */; };
		847EE0B21D1EB6D100561955 /* NSString+AKIExtensions.m in Sources */ = {isa = PBXBuildFile; fileRef = 847EE0761D1EB6D100561955 /* NSString+AKIExtensions.m */; settings = {COMPILER_FLAGS = "-fno-objc-arc"; }; };
		847EE0B31D1EB6D100561955 /* main.m in Sources */ = {isa = PBXBuildFile; fileRef = 847EE0771D1EB6D100561955 /* main.m */; };
		847EE0B51D1EB6D100561955 /* AKIAlphabet.m in Sources */ = {isa = PBXBuildFile; fileRef = 847EE07B1D1EB6D100561955 /* AKIAlphabet.m */; };
		847EE0B61D1EB6D100561955 /* AKIAlphabet.m in Sources */ = {isa = PBXBuildFile; fileRef = 847EE07B1D1EB6D100561955 /* AKIAlphabet.m */; settings = {COMPILER_FLAGS = "-fno-objc-arc"; }; };
		847EE0B71D1EB6D100561955 /* AKIClusterAlphabet.m in Sources */ = {isa = PBXBuildFile; fileRef = 847EE07E1D1EB6D100561955 /* AKIClusterAlphabet.m */; };
		847EE0B81D1EB6D100561955 /* AKIClusterAlphabet.m in Sources */ = {isa = PBXBuildFile; fileRef = 847EE07E1D1EB6D100561955 /* AKIClusterAlphabet.m */; settings = {COMPILER_FLAGS = "-fno-objc-arc"; }; };
		847EE0B91D1EB6D100561955 /* AKIRangeAlphabet.m in Sources */ = {isa = PBXBuildFile; fileRef = 847EE0801D1EB6D100561955 /* AKIRangeAlphabet.m */; };
		847EE0BA1D1EB6D100561955 /* AKIRangeAlphabet.m in Sources */ = {isa = PBXBuildFile; fileRef = 847EE0801D1EB6D100561955 /* AKIRangeAlphabet.m */; settings = {COMPILER_FLAGS = "-fno-objc-arc"; }; };
		847EE0BB1D1EB6D100561955 /* AKIStringsAlphabet.m in Sources */ = {isa = PBXBuildFile; fileRef = 847EE0821D1EB6D100561955 /* AKIStringsAlphabet.m */; };
		847EE0BC1D1EB6D100561955 /* AKIStringsAlphabet.m in Sources */ = {isa = PBXBuildFile; fileRef = 847EE0821D1EB6D100561955 /* AKIStringsAlphabet.m */; settings = {COMPILER_FLAGS = "-fno-objc-arc"; }; };
		847EE0BD1D1EB6D100561955 /* AKIBuilding.m in Sources */ = {isa = PBXBuildFile; fileRef = 847EE0861D1EB6D100561955 /* AKIBuilding.m */; };
		847EE0BE1D1EB6D100561955 /* AKIBuilding.m in Sources */ = {isa = PBXBuildFile; fileRef = 847EE0861D1EB6D100561955 /* AKIBuilding.m */; settings = {COMPILER_FLAGS = "-fno-objc-arc"; }; };
		847EE0BF1D1EB6D100561955 /* AKIBox.m in Sources */ = {isa = PBXBuildFile; fileRef = 847EE0891D1EB6D100561955 /* AKIBox.m */; };
		847EE0C01D1EB6D100561955 /* AKIBox.m in Sources */ = {isa = PBXBuildFile; fileRef = 847EE0891D1EB6D100561955 /* AKIBox.m */; settings = {COMPILER_FLAGS = "-fno-objc-arc"; }; };
		847EE0C11D1EB6D100561955 /* AKIOffice.m in Sources */ = {isa = PBXBuildFile; fileRef = 847EE08B1D1EB6D100561955 /* AKIOffice.m */; };
		847EE0C21D1EB6D100561955 /* AKIOffice.m in Sources */ = {isa = PBXBuildFile; fileRef = 847EE08B1D1EB6D100561955 /* AKIOffice.m */; settings = {COMPILER_FLAGS = "-fno-objc-arc"; }; };
		847EE0C31D1EB6D100561955 /* AKICar.m in Sources */ = {isa = PBXBuildFile; fileRef = 847EE08E1D1EB6D100561955 /* AKICar.m */; };
		847EE0C41D1EB6D100561955 /* AKICar.m in Sources */ = {isa = PBXBuildFile; fileRef = 847EE08E1D1EB6D100561955 /* AKICar.m */; settings = {COMPILER_FLAGS = "-fno-objc-arc"; }; };
		847EE0C51D1EB6D100561955 /* AKICarWash.m in Sources */ = {isa = PBXBuildFile; fileRef = 847EE0901D1EB6D100561955 /* AKICarWash.m */; };
		847EE0C61D1EB6D100561955 /* AKICarWash.m in Sources */ = {isa = PBXBuildFile; fileRef = 847EE0901D1EB6D100561955 /* AKICarWash.m */; settings = {COMPILER_FLAGS = "-fno-objc-arc"; }; };
		847EE0C71D1EB6D100561955 /* AKIQueue.m in Sources */ = {isa = PBXBuildFile; fileRef = 847EE0931D1EB6D100561955 /* AKIQueue.m */; };
		847EE0C81D1EB6D100561955 /* AKIQueue.m in Sources */ = {isa = PBXBuildFile; fileRef = 847EE0931D1EB6D100561955 /* AKIQueue.m */; settings = {COMPILER_FLAGS = "-fno-objc-arc"; }; };
		847EE0C91D1EB6D100561955 /* AKIWorker.m in Sources */ = {isa = PBXBuildFile; fileRef = 847EE0951D1EB6D100561955 /* AKIWorker.m */; };
		847EE0CA1D1EB6D100561955 /* AKIWorker.m in Sources */ = {isa = PBXBuildFile; fileRef = 847EE0951D1EB6D100561955 /* AKIWorker.m */; settings = {COMPILER_FLAGS = "-fno-objc-arc"; }; };
		847EE0CB1D1EB6D100561955 /* AKIAccountant.m in Sources */ = {isa = PBXBuildFile; fileRef = 847EE0981D1EB6D100561955 /* AKIAccountant.m */; };
		847EE0CC1D1EB6D100561955 /* AKIAccountant.m in Sources */ = {isa = PBXBuildFile; fileRef = 847EE0981D1EB6D100561955 /* AKIAccountant.m */; settings = {COMPILER_FLAGS = "-fno-objc-arc"; }; };
		847EE0CD1D1EB6D100561955 /* AKIDirector.m in Sources */ = {isa = PBXBuildFile; fileRef = 847EE09A1D1EB6D100561955 /* AKIDirector.m */; };
		847EE0CE1D1EB6D100561955 /* AKIDirector.m in Sources */ = {isa = PBXBuildFile; fileRef = 847EE09A1D1EB6D100561955 /* AKIDirector.m */; settings = {COMPILER_FLAGS = "-fno-objc-arc"; }; };
		847EE0CF1D1EB6D100561955 /* AKIWasher.m in Sources */ = {isa = PBXBuildFile; fileRef = 847EE09C1D1EB6D100561955 /* AKIWasher.m */; };
		847EE0D01D1EB6D100561955 /* AKIWasher.m in Sources */ = {isa = PBXBuildFile; fileRef = 847EE09C1D1EB6D100561955 /* AKIWasher.m */; settings = {COMPILER_FLAGS = "-fno-objc-arc"; }; };
		847EE0D11D1EB6D100561955 /* AKICreature.m in Sources */ = {isa = PBXBuildFile; fileRef = 847EE09F1D1EB6D100561955 /* AKICreature.m */; };
		847EE0D21D1EB6D100561955 /* AKICreature.m in Sources */ = {isa = PBXBuildFile; fileRef = 847EE09F1D1EB6D100561955 /* AKICreature.m */; settings = {COMPILER_FLAGS = "-fno-objc-arc"; }; };
		847EE0D31D1EB6D100561955 /* AKICreatureFemale.m in Sources */ = {isa = PBXBuildFile; fileRef = 847EE0A21D1EB6D100561955 /* AKICreatureFemale.m */; };
		847EE0D41D1EB6D100561955 /* AKICreatureFemale.m in Sources */ = {isa = PBXBuildFile; fileRef = 847EE0A21D1EB6D100561955 /* AKICreatureFemale.m */; settings = {COMPILER_FLAGS = "-fno-objc-arc"; }; };
		847EE0D51D1EB6D100561955 /* AKICreatureMale.m in Sources */ = {isa = PBXBuildFile; fileRef = 847EE0A51D1EB6D100561955 /* AKICreatureMale.m */; };
		847EE0D61D1EB6D100561955 /* AKICreatureMale.m in Sources */ = {isa = PBXBuildFile; fileRef = 847EE0A51D1EB6D100561955 /* AKICreatureMale.m */; settings = {COMPILER_FLAGS = "-fno-objc-arc"; }; };
		847EE0D71D1EB6D100561955 /* AKIRunApplication.m in Sources */ = {isa = PBXBuildFile; fileRef = 847EE0A71D1EB6D100561955 /* AKIRunApplication.m */; };
		847EE0D81D1EB6D100561955 /* AKIRunApplication.m in Sources */ = {isa = PBXBuildFile; fileRef = 847EE0A71D1EB6D100561955 /* AKIRunApplication.m */; settings = {COMPILER_FLAGS = "-fno-objc-arc"; }; };
		847EE0D91D1EB6D100561955 /* AKICarWashWorkerTest.m in Sources */ = {isa = PBXBuildFile; fileRef = 847EE0AB1D1EB6D100561955 /* AKICarWashWorkerTest.m */; };
		847EE0DA1D1EB6D100561955 /* AKICarWashWorkerTest.m in Sources */ = {isa = PBXBuildFile; fileRef = 847EE0AB1D1EB6D100561955 /* AKICarWashWorkerTest.m */; settings = {COMPILER_FLAGS = "-fno-objc-arc"; }; };
		847EE0DB1D1EB6D100561955 /* AKICreatureTest.m in Sources */ = {isa = PBXBuildFile; fileRef = 847EE0AE1D1EB6D100561955 /* AKICreatureTest.m */; };
		847EE0DC1D1EB6D100561955 /* AKICreatureTest.m in Sources */ = {isa = PBXBuildFile; fileRef = 847EE0AE1D1EB6D100561955 /* AKICreatureTest.m */; settings = {COMPILER_FLAGS = "-fno-objc-arc"; }; };
		847EE0DF1D1EE59A00561955 /* AKIAlphabetSpec.m in Sources */ = {isa = PBXBuildFile; fileRef = 847EE0DE1D1EE59A00561955 /* AKIAlphabetSpec.m */; settings = {COMPILER_FLAGS = "-fno-objc-arc"; }; };
		8486F06F1D25534D001C84CB /* AKIDelegatingObjectSpec.m in Sources */ = {isa = PBXBuildFile; fileRef = 8486F06E1D25534D001C84CB /* AKIDelegatingObjectSpec.m */; };
		8486F07F1D269E47001C84CB /* AKIObservableObject.m in Sources */ = {isa = PBXBuildFile; fileRef = 8486F07E1D269E47001C84CB /* AKIObservableObject.m */; };
		8486F0801D269E47001C84CB /* AKIObservableObject.m in Sources */ = {isa = PBXBuildFile; fileRef = 8486F07E1D269E47001C84CB /* AKIObservableObject.m */; settings = {COMPILER_FLAGS = "-fno-objc-arc"; }; };
		8486F0831D26C444001C84CB /* AKIWashCarSpec.m in Sources */ = {isa = PBXBuildFile; fileRef = 8486F0821D26C444001C84CB /* AKIWashCarSpec.m */; };
		8486F0891D2E9369001C84CB /* NSArray+NSArray_AKIExtensions.m in Sources */ = {isa = PBXBuildFile; fileRef = 8486F0881D2E9369001C84CB /* NSArray+NSArray_AKIExtensions.m */; };
		8486F08A1D2E9369001C84CB /* NSArray+NSArray_AKIExtensions.m in Sources */ = {isa = PBXBuildFile; fileRef = 8486F0881D2E9369001C84CB /* NSArray+NSArray_AKIExtensions.m */; };
		A5E6F799363753A9B52DB123 /* libPods-ObjCTests.a in Frameworks */ = {isa = PBXBuildFile; fileRef = 49468D8C24C74BCE00B98A03 /* libPods-ObjCTests.a */; };
/* End PBXBuildFile section */

/* Begin PBXCopyFilesBuildPhase section */
		8453D66F1D03102000C61D72 /* CopyFiles */ = {
			isa = PBXCopyFilesBuildPhase;
			buildActionMask = 2147483647;
			dstPath = /usr/share/man/man1/;
			dstSubfolderSpec = 0;
			files = (
			);
			runOnlyForDeploymentPostprocessing = 1;
		};
/* End PBXCopyFilesBuildPhase section */

/* Begin PBXFileReference section */
		49468D8C24C74BCE00B98A03 /* libPods-ObjCTests.a */ = {isa = PBXFileReference; explicitFileType = archive.ar; includeInIndex = 0; path = "libPods-ObjCTests.a"; sourceTree = BUILT_PRODUCTS_DIR; };
		6ED110C10E63D04D7178356C /* Pods-ObjCTests.debug.xcconfig */ = {isa = PBXFileReference; includeInIndex = 1; lastKnownFileType = text.xcconfig; name = "Pods-ObjCTests.debug.xcconfig"; path = "Pods/Target Support Files/Pods-ObjCTests/Pods-ObjCTests.debug.xcconfig"; sourceTree = "<group>"; };
		8453D6711D03102000C61D72 /* ObjectiveC */ = {isa = PBXFileReference; explicitFileType = "compiled.mach-o.executable"; includeInIndex = 0; path = ObjectiveC; sourceTree = BUILT_PRODUCTS_DIR; };
		847EE0121D1EB53600561955 /* ObjCTests.xctest */ = {isa = PBXFileReference; explicitFileType = wrapper.cfbundle; includeInIndex = 0; path = ObjCTests.xctest; sourceTree = BUILT_PRODUCTS_DIR; };
		847EE0161D1EB53700561955 /* Info.plist */ = {isa = PBXFileReference; lastKnownFileType = text.plist.xml; path = Info.plist; sourceTree = "<group>"; };
		847EE0721D1EB6D100561955 /* AKIMoney.h */ = {isa = PBXFileReference; fileEncoding = 4; lastKnownFileType = sourcecode.c.h; path = AKIMoney.h; sourceTree = "<group>"; };
		847EE0731D1EB6D100561955 /* NSObject+AKIExtensions.h */ = {isa = PBXFileReference; fileEncoding = 4; lastKnownFileType = sourcecode.c.h; path = "NSObject+AKIExtensions.h"; sourceTree = "<group>"; };
		847EE0741D1EB6D100561955 /* NSObject+AKIExtensions.m */ = {isa = PBXFileReference; fileEncoding = 4; lastKnownFileType = sourcecode.c.objc; path = "NSObject+AKIExtensions.m"; sourceTree = "<group>"; };
		847EE0751D1EB6D100561955 /* NSString+AKIExtensions.h */ = {isa = PBXFileReference; fileEncoding = 4; lastKnownFileType = sourcecode.c.h; path = "NSString+AKIExtensions.h"; sourceTree = "<group>"; };
		847EE0761D1EB6D100561955 /* NSString+AKIExtensions.m */ = {isa = PBXFileReference; fileEncoding = 4; lastKnownFileType = sourcecode.c.objc; path = "NSString+AKIExtensions.m"; sourceTree = "<group>"; };
		847EE0771D1EB6D100561955 /* main.m */ = {isa = PBXFileReference; fileEncoding = 4; lastKnownFileType = sourcecode.c.objc; name = main.m; path = ObjectiveC/main.m; sourceTree = "<group>"; };
		847EE07A1D1EB6D100561955 /* AKIAlphabet.h */ = {isa = PBXFileReference; fileEncoding = 4; lastKnownFileType = sourcecode.c.h; path = AKIAlphabet.h; sourceTree = "<group>"; };
		847EE07B1D1EB6D100561955 /* AKIAlphabet.m */ = {isa = PBXFileReference; fileEncoding = 4; lastKnownFileType = sourcecode.c.objc; path = AKIAlphabet.m; sourceTree = "<group>"; };
		847EE07D1D1EB6D100561955 /* AKIClusterAlphabet.h */ = {isa = PBXFileReference; fileEncoding = 4; lastKnownFileType = sourcecode.c.h; path = AKIClusterAlphabet.h; sourceTree = "<group>"; };
		847EE07E1D1EB6D100561955 /* AKIClusterAlphabet.m */ = {isa = PBXFileReference; fileEncoding = 4; lastKnownFileType = sourcecode.c.objc; path = AKIClusterAlphabet.m; sourceTree = "<group>"; };
		847EE07F1D1EB6D100561955 /* AKIRangeAlphabet.h */ = {isa = PBXFileReference; fileEncoding = 4; lastKnownFileType = sourcecode.c.h; path = AKIRangeAlphabet.h; sourceTree = "<group>"; };
		847EE0801D1EB6D100561955 /* AKIRangeAlphabet.m */ = {isa = PBXFileReference; fileEncoding = 4; lastKnownFileType = sourcecode.c.objc; path = AKIRangeAlphabet.m; sourceTree = "<group>"; };
		847EE0811D1EB6D100561955 /* AKIStringsAlphabet.h */ = {isa = PBXFileReference; fileEncoding = 4; lastKnownFileType = sourcecode.c.h; path = AKIStringsAlphabet.h; sourceTree = "<group>"; };
		847EE0821D1EB6D100561955 /* AKIStringsAlphabet.m */ = {isa = PBXFileReference; fileEncoding = 4; lastKnownFileType = sourcecode.c.objc; path = AKIStringsAlphabet.m; sourceTree = "<group>"; };
		847EE0851D1EB6D100561955 /* AKIBuilding.h */ = {isa = PBXFileReference; fileEncoding = 4; lastKnownFileType = sourcecode.c.h; path = AKIBuilding.h; sourceTree = "<group>"; };
		847EE0861D1EB6D100561955 /* AKIBuilding.m */ = {isa = PBXFileReference; fileEncoding = 4; lastKnownFileType = sourcecode.c.objc; path = AKIBuilding.m; sourceTree = "<group>"; };
		847EE0881D1EB6D100561955 /* AKIBox.h */ = {isa = PBXFileReference; fileEncoding = 4; lastKnownFileType = sourcecode.c.h; path = AKIBox.h; sourceTree = "<group>"; };
		847EE0891D1EB6D100561955 /* AKIBox.m */ = {isa = PBXFileReference; fileEncoding = 4; lastKnownFileType = sourcecode.c.objc; path = AKIBox.m; sourceTree = "<group>"; };
		847EE08A1D1EB6D100561955 /* AKIOffice.h */ = {isa = PBXFileReference; fileEncoding = 4; lastKnownFileType = sourcecode.c.h; path = AKIOffice.h; sourceTree = "<group>"; };
		847EE08B1D1EB6D100561955 /* AKIOffice.m */ = {isa = PBXFileReference; fileEncoding = 4; lastKnownFileType = sourcecode.c.objc; path = AKIOffice.m; sourceTree = "<group>"; };
		847EE08D1D1EB6D100561955 /* AKICar.h */ = {isa = PBXFileReference; fileEncoding = 4; lastKnownFileType = sourcecode.c.h; path = AKICar.h; sourceTree = "<group>"; };
		847EE08E1D1EB6D100561955 /* AKICar.m */ = {isa = PBXFileReference; fileEncoding = 4; lastKnownFileType = sourcecode.c.objc; path = AKICar.m; sourceTree = "<group>"; };
		847EE08F1D1EB6D100561955 /* AKICarWash.h */ = {isa = PBXFileReference; fileEncoding = 4; lastKnownFileType = sourcecode.c.h; name = AKICarWash.h; path = AKICarWash/AKICarWash.h; sourceTree = "<group>"; };
		847EE0901D1EB6D100561955 /* AKICarWash.m */ = {isa = PBXFileReference; fileEncoding = 4; lastKnownFileType = sourcecode.c.objc; name = AKICarWash.m; path = AKICarWash/AKICarWash.m; sourceTree = "<group>"; };
		847EE0921D1EB6D100561955 /* AKIQueue.h */ = {isa = PBXFileReference; fileEncoding = 4; lastKnownFileType = sourcecode.c.h; path = AKIQueue.h; sourceTree = "<group>"; };
		847EE0931D1EB6D100561955 /* AKIQueue.m */ = {isa = PBXFileReference; fileEncoding = 4; lastKnownFileType = sourcecode.c.objc; path = AKIQueue.m; sourceTree = "<group>"; };
		847EE0941D1EB6D100561955 /* AKIWorker.h */ = {isa = PBXFileReference; fileEncoding = 4; lastKnownFileType = sourcecode.c.h; path = AKIWorker.h; sourceTree = "<group>"; };
		847EE0951D1EB6D100561955 /* AKIWorker.m */ = {isa = PBXFileReference; fileEncoding = 4; lastKnownFileType = sourcecode.c.objc; path = AKIWorker.m; sourceTree = "<group>"; };
		847EE0971D1EB6D100561955 /* AKIAccountant.h */ = {isa = PBXFileReference; fileEncoding = 4; lastKnownFileType = sourcecode.c.h; path = AKIAccountant.h; sourceTree = "<group>"; };
		847EE0981D1EB6D100561955 /* AKIAccountant.m */ = {isa = PBXFileReference; fileEncoding = 4; lastKnownFileType = sourcecode.c.objc; path = AKIAccountant.m; sourceTree = "<group>"; };
		847EE0991D1EB6D100561955 /* AKIDirector.h */ = {isa = PBXFileReference; fileEncoding = 4; lastKnownFileType = sourcecode.c.h; path = AKIDirector.h; sourceTree = "<group>"; };
		847EE09A1D1EB6D100561955 /* AKIDirector.m */ = {isa = PBXFileReference; fileEncoding = 4; lastKnownFileType = sourcecode.c.objc; path = AKIDirector.m; sourceTree = "<group>"; };
		847EE09B1D1EB6D100561955 /* AKIWasher.h */ = {isa = PBXFileReference; fileEncoding = 4; lastKnownFileType = sourcecode.c.h; path = AKIWasher.h; sourceTree = "<group>"; };
		847EE09C1D1EB6D100561955 /* AKIWasher.m */ = {isa = PBXFileReference; fileEncoding = 4; lastKnownFileType = sourcecode.c.objc; path = AKIWasher.m; sourceTree = "<group>"; };
		847EE09E1D1EB6D100561955 /* AKICreature.h */ = {isa = PBXFileReference; fileEncoding = 4; lastKnownFileType = sourcecode.c.h; path = AKICreature.h; sourceTree = "<group>"; };
		847EE09F1D1EB6D100561955 /* AKICreature.m */ = {isa = PBXFileReference; fileEncoding = 4; lastKnownFileType = sourcecode.c.objc; path = AKICreature.m; sourceTree = "<group>"; };
		847EE0A11D1EB6D100561955 /* AKICreatureFemale.h */ = {isa = PBXFileReference; fileEncoding = 4; lastKnownFileType = sourcecode.c.h; path = AKICreatureFemale.h; sourceTree = "<group>"; };
		847EE0A21D1EB6D100561955 /* AKICreatureFemale.m */ = {isa = PBXFileReference; fileEncoding = 4; lastKnownFileType = sourcecode.c.objc; path = AKICreatureFemale.m; sourceTree = "<group>"; };
		847EE0A41D1EB6D100561955 /* AKICreatureMale.h */ = {isa = PBXFileReference; fileEncoding = 4; lastKnownFileType = sourcecode.c.h; path = AKICreatureMale.h; sourceTree = "<group>"; };
		847EE0A51D1EB6D100561955 /* AKICreatureMale.m */ = {isa = PBXFileReference; fileEncoding = 4; lastKnownFileType = sourcecode.c.objc; path = AKICreatureMale.m; sourceTree = "<group>"; };
		847EE0A61D1EB6D100561955 /* AKIRunApplication.h */ = {isa = PBXFileReference; fileEncoding = 4; lastKnownFileType = sourcecode.c.h; path = AKIRunApplication.h; sourceTree = "<group>"; };
		847EE0A71D1EB6D100561955 /* AKIRunApplication.m */ = {isa = PBXFileReference; fileEncoding = 4; lastKnownFileType = sourcecode.c.objc; path = AKIRunApplication.m; sourceTree = "<group>"; };
		847EE0AA1D1EB6D100561955 /* AKICarWashWorkerTest.h */ = {isa = PBXFileReference; fileEncoding = 4; lastKnownFileType = sourcecode.c.h; path = AKICarWashWorkerTest.h; sourceTree = "<group>"; };
		847EE0AB1D1EB6D100561955 /* AKICarWashWorkerTest.m */ = {isa = PBXFileReference; fileEncoding = 4; lastKnownFileType = sourcecode.c.objc; path = AKICarWashWorkerTest.m; sourceTree = "<group>"; };
		847EE0AD1D1EB6D100561955 /* AKICreatureTest.h */ = {isa = PBXFileReference; fileEncoding = 4; lastKnownFileType = sourcecode.c.h; path = AKICreatureTest.h; sourceTree = "<group>"; };
		847EE0AE1D1EB6D100561955 /* AKICreatureTest.m */ = {isa = PBXFileReference; fileEncoding = 4; lastKnownFileType = sourcecode.c.objc; path = AKICreatureTest.m; sourceTree = "<group>"; };
		847EE0DE1D1EE59A00561955 /* AKIAlphabetSpec.m */ = {isa = PBXFileReference; fileEncoding = 4; lastKnownFileType = sourcecode.c.objc; path = AKIAlphabetSpec.m; sourceTree = "<group>"; };
		8486F06E1D25534D001C84CB /* AKIDelegatingObjectSpec.m */ = {isa = PBXFileReference; fileEncoding = 4; lastKnownFileType = sourcecode.c.objc; path = AKIDelegatingObjectSpec.m; sourceTree = "<group>"; };
		8486F07D1D269E47001C84CB /* AKIObservableObject.h */ = {isa = PBXFileReference; fileEncoding = 4; lastKnownFileType = sourcecode.c.h; path = AKIObservableObject.h; sourceTree = "<group>"; };
		8486F07E1D269E47001C84CB /* AKIObservableObject.m */ = {isa = PBXFileReference; fileEncoding = 4; lastKnownFileType = sourcecode.c.objc; path = AKIObservableObject.m; sourceTree = "<group>"; };
		8486F0811D26B402001C84CB /* AKIWorkerDelegate.h */ = {isa = PBXFileReference; lastKnownFileType = sourcecode.c.h; path = AKIWorkerDelegate.h; sourceTree = "<group>"; };
		8486F0821D26C444001C84CB /* AKIWashCarSpec.m */ = {isa = PBXFileReference; fileEncoding = 4; lastKnownFileType = sourcecode.c.objc; path = AKIWashCarSpec.m; sourceTree = "<group>"; };
		8486F0871D2E9369001C84CB /* NSArray+NSArray_AKIExtensions.h */ = {isa = PBXFileReference; fileEncoding = 4; lastKnownFileType = sourcecode.c.h; path = "NSArray+NSArray_AKIExtensions.h"; sourceTree = "<group>"; };
		8486F0881D2E9369001C84CB /* NSArray+NSArray_AKIExtensions.m */ = {isa = PBXFileReference; fileEncoding = 4; lastKnownFileType = sourcecode.c.objc; path = "NSArray+NSArray_AKIExtensions.m"; sourceTree = "<group>"; };
		BDB226545FD32522FC6FFEFC /* Pods-ObjCTests.release.xcconfig */ = {isa = PBXFileReference; includeInIndex = 1; lastKnownFileType = text.xcconfig; name = "Pods-ObjCTests.release.xcconfig"; path = "Pods/Target Support Files/Pods-ObjCTests/Pods-ObjCTests.release.xcconfig"; sourceTree = "<group>"; };
/* End PBXFileReference section */

/* Begin PBXFrameworksBuildPhase section */
		8453D66E1D03102000C61D72 /* Frameworks */ = {
			isa = PBXFrameworksBuildPhase;
			buildActionMask = 2147483647;
			files = (
			);
			runOnlyForDeploymentPostprocessing = 0;
		};
		847EE00F1D1EB53600561955 /* Frameworks */ = {
			isa = PBXFrameworksBuildPhase;
			buildActionMask = 2147483647;
			files = (
				A5E6F799363753A9B52DB123 /* libPods-ObjCTests.a in Frameworks */,
			);
			runOnlyForDeploymentPostprocessing = 0;
		};
/* End PBXFrameworksBuildPhase section */

/* Begin PBXGroup section */
		8453D6681D03102000C61D72 = {
			isa = PBXGroup;
			children = (
				847EE0701D1EB6D100561955 /* ObjectiveC */,
				847EE0771D1EB6D100561955 /* main.m */,
				847EE0131D1EB53600561955 /* ObjCTests */,
				8453D6721D03102000C61D72 /* Products */,
				FB62AB1F53E8FE0F24F5959E /* Pods */,
				E44045C324D908EC6D307FC0 /* Frameworks */,
			);
			sourceTree = "<group>";
		};
		8453D6721D03102000C61D72 /* Products */ = {
			isa = PBXGroup;
			children = (
				8453D6711D03102000C61D72 /* ObjectiveC */,
				847EE0121D1EB53600561955 /* ObjCTests.xctest */,
			);
			name = Products;
			sourceTree = "<group>";
		};
		847EE0131D1EB53600561955 /* ObjCTests */ = {
			isa = PBXGroup;
			children = (
				8486F0701D255423001C84CB /* Test Objects */,
				847EE0DD1D1EB7D000561955 /* Specs */,
				847EE0161D1EB53700561955 /* Info.plist */,
			);
			path = ObjCTests;
			sourceTree = "<group>";
		};
		847EE0701D1EB6D100561955 /* ObjectiveC */ = {
			isa = PBXGroup;
			children = (
				847EE0711D1EB6D100561955 /* Library */,
				847EE0781D1EB6D100561955 /* Source */,
			);
			path = ObjectiveC;
			sourceTree = "<group>";
		};
		847EE0711D1EB6D100561955 /* Library */ = {
			isa = PBXGroup;
			children = (
				847EE0721D1EB6D100561955 /* AKIMoney.h */,
				847EE0731D1EB6D100561955 /* NSObject+AKIExtensions.h */,
				847EE0741D1EB6D100561955 /* NSObject+AKIExtensions.m */,
				847EE0751D1EB6D100561955 /* NSString+AKIExtensions.h */,
				847EE0761D1EB6D100561955 /* NSString+AKIExtensions.m */,
				8486F0871D2E9369001C84CB /* NSArray+NSArray_AKIExtensions.h */,
				8486F0881D2E9369001C84CB /* NSArray+NSArray_AKIExtensions.m */,
			);
			path = Library;
			sourceTree = "<group>";
		};
		847EE0781D1EB6D100561955 /* Source */ = {
			isa = PBXGroup;
			children = (
				847EE0791D1EB6D100561955 /* AKIAlphabet */,
				847EE0831D1EB6D100561955 /* AKICarWash */,
				847EE08F1D1EB6D100561955 /* AKICarWash.h */,
				847EE0901D1EB6D100561955 /* AKICarWash.m */,
				847EE09D1D1EB6D100561955 /* AKICreatures */,
				847EE0A61D1EB6D100561955 /* AKIRunApplication.h */,
				847EE0A71D1EB6D100561955 /* AKIRunApplication.m */,
				847EE0A81D1EB6D100561955 /* Test */,
			);
			path = Source;
			sourceTree = "<group>";
		};
		847EE0791D1EB6D100561955 /* AKIAlphabet */ = {
			isa = PBXGroup;
			children = (
				847EE07A1D1EB6D100561955 /* AKIAlphabet.h */,
				847EE07B1D1EB6D100561955 /* AKIAlphabet.m */,
				847EE07C1D1EB6D100561955 /* Privat */,
			);
			path = AKIAlphabet;
			sourceTree = "<group>";
		};
		847EE07C1D1EB6D100561955 /* Privat */ = {
			isa = PBXGroup;
			children = (
				847EE07D1D1EB6D100561955 /* AKIClusterAlphabet.h */,
				847EE07E1D1EB6D100561955 /* AKIClusterAlphabet.m */,
				847EE07F1D1EB6D100561955 /* AKIRangeAlphabet.h */,
				847EE0801D1EB6D100561955 /* AKIRangeAlphabet.m */,
				847EE0811D1EB6D100561955 /* AKIStringsAlphabet.h */,
				847EE0821D1EB6D100561955 /* AKIStringsAlphabet.m */,
			);
			path = Privat;
			sourceTree = "<group>";
		};
		847EE0831D1EB6D100561955 /* AKICarWash */ = {
			isa = PBXGroup;
			children = (
				8486F0781D269B71001C84CB /* AKIDelegate */,
				847EE0841D1EB6D100561955 /* AKIBuilding */,
				847EE08C1D1EB6D100561955 /* AKICar */,
				847EE0911D1EB6D100561955 /* AKICarWashWorker */,
			);
			path = AKICarWash;
			sourceTree = "<group>";
		};
		847EE0841D1EB6D100561955 /* AKIBuilding */ = {
			isa = PBXGroup;
			children = (
				847EE0851D1EB6D100561955 /* AKIBuilding.h */,
				847EE0861D1EB6D100561955 /* AKIBuilding.m */,
				847EE0871D1EB6D100561955 /* AKIBuildingOffice */,
			);
			path = AKIBuilding;
			sourceTree = "<group>";
		};
		847EE0871D1EB6D100561955 /* AKIBuildingOffice */ = {
			isa = PBXGroup;
			children = (
				847EE0881D1EB6D100561955 /* AKIBox.h */,
				847EE0891D1EB6D100561955 /* AKIBox.m */,
				847EE08A1D1EB6D100561955 /* AKIOffice.h */,
				847EE08B1D1EB6D100561955 /* AKIOffice.m */,
			);
			path = AKIBuildingOffice;
			sourceTree = "<group>";
		};
		847EE08C1D1EB6D100561955 /* AKICar */ = {
			isa = PBXGroup;
			children = (
				847EE08D1D1EB6D100561955 /* AKICar.h */,
				847EE08E1D1EB6D100561955 /* AKICar.m */,
			);
			path = AKICar;
			sourceTree = "<group>";
		};
		847EE0911D1EB6D100561955 /* AKICarWashWorker */ = {
			isa = PBXGroup;
			children = (
				847EE0921D1EB6D100561955 /* AKIQueue.h */,
				847EE0931D1EB6D100561955 /* AKIQueue.m */,
				847EE0941D1EB6D100561955 /* AKIWorker.h */,
				847EE0951D1EB6D100561955 /* AKIWorker.m */,
				847EE0961D1EB6D100561955 /* AKIWorkerSpecialty */,
			);
			path = AKICarWashWorker;
			sourceTree = "<group>";
		};
		847EE0961D1EB6D100561955 /* AKIWorkerSpecialty */ = {
			isa = PBXGroup;
			children = (
				847EE0971D1EB6D100561955 /* AKIAccountant.h */,
				847EE0981D1EB6D100561955 /* AKIAccountant.m */,
				847EE0991D1EB6D100561955 /* AKIDirector.h */,
				847EE09A1D1EB6D100561955 /* AKIDirector.m */,
				847EE09B1D1EB6D100561955 /* AKIWasher.h */,
				847EE09C1D1EB6D100561955 /* AKIWasher.m */,
			);
			path = AKIWorkerSpecialty;
			sourceTree = "<group>";
		};
		847EE09D1D1EB6D100561955 /* AKICreatures */ = {
			isa = PBXGroup;
			children = (
				847EE09E1D1EB6D100561955 /* AKICreature.h */,
				847EE09F1D1EB6D100561955 /* AKICreature.m */,
				847EE0A01D1EB6D100561955 /* AKICreatureFemale */,
				847EE0A31D1EB6D100561955 /* AKICreatureMale */,
			);
			path = AKICreatures;
			sourceTree = "<group>";
		};
		847EE0A01D1EB6D100561955 /* AKICreatureFemale */ = {
			isa = PBXGroup;
			children = (
				847EE0A11D1EB6D100561955 /* AKICreatureFemale.h */,
				847EE0A21D1EB6D100561955 /* AKICreatureFemale.m */,
			);
			path = AKICreatureFemale;
			sourceTree = "<group>";
		};
		847EE0A31D1EB6D100561955 /* AKICreatureMale */ = {
			isa = PBXGroup;
			children = (
				847EE0A41D1EB6D100561955 /* AKICreatureMale.h */,
				847EE0A51D1EB6D100561955 /* AKICreatureMale.m */,
			);
			path = AKICreatureMale;
			sourceTree = "<group>";
		};
		847EE0A81D1EB6D100561955 /* Test */ = {
			isa = PBXGroup;
			children = (
				847EE0A91D1EB6D100561955 /* AKICarWashTest */,
				847EE0AC1D1EB6D100561955 /* AKICreatureTest */,
			);
			path = Test;
			sourceTree = "<group>";
		};
		847EE0A91D1EB6D100561955 /* AKICarWashTest */ = {
			isa = PBXGroup;
			children = (
				847EE0AA1D1EB6D100561955 /* AKICarWashWorkerTest.h */,
				847EE0AB1D1EB6D100561955 /* AKICarWashWorkerTest.m */,
			);
			path = AKICarWashTest;
			sourceTree = "<group>";
		};
		847EE0AC1D1EB6D100561955 /* AKICreatureTest */ = {
			isa = PBXGroup;
			children = (
				847EE0AD1D1EB6D100561955 /* AKICreatureTest.h */,
				847EE0AE1D1EB6D100561955 /* AKICreatureTest.m */,
			);
			path = AKICreatureTest;
			sourceTree = "<group>";
		};
		847EE0DD1D1EB7D000561955 /* Specs */ = {
			isa = PBXGroup;
			children = (
				847EE0DE1D1EE59A00561955 /* AKIAlphabetSpec.m */,
				8486F06E1D25534D001C84CB /* AKIDelegatingObjectSpec.m */,
				8486F0821D26C444001C84CB /* AKIWashCarSpec.m */,
			);
			path = Specs;
			sourceTree = "<group>";
		};
		8486F0701D255423001C84CB /* Test Objects */ = {
			isa = PBXGroup;
			children = (
			);
			path = "Test Objects";
			sourceTree = "<group>";
		};
		8486F0781D269B71001C84CB /* AKIDelegate */ = {
			isa = PBXGroup;
			children = (
				8486F07D1D269E47001C84CB /* AKIObservableObject.h */,
				8486F07E1D269E47001C84CB /* AKIObservableObject.m */,
				8486F0811D26B402001C84CB /* AKIWorkerDelegate.h */,
			);
			path = AKIDelegate;
			sourceTree = "<group>";
		};
		E44045C324D908EC6D307FC0 /* Frameworks */ = {
			isa = PBXGroup;
			children = (
				49468D8C24C74BCE00B98A03 /* libPods-ObjCTests.a */,
			);
			name = Frameworks;
			sourceTree = "<group>";
		};
		FB62AB1F53E8FE0F24F5959E /* Pods */ = {
			isa = PBXGroup;
			children = (
				6ED110C10E63D04D7178356C /* Pods-ObjCTests.debug.xcconfig */,
				BDB226545FD32522FC6FFEFC /* Pods-ObjCTests.release.xcconfig */,
			);
			name = Pods;
			sourceTree = "<group>";
		};
/* End PBXGroup section */

/* Begin PBXNativeTarget section */
		8453D6701D03102000C61D72 /* ObjectiveC */ = {
			isa = PBXNativeTarget;
			buildConfigurationList = 8453D6781D03102000C61D72 /* Build configuration list for PBXNativeTarget "ObjectiveC" */;
			buildPhases = (
				5B5E8E04B9E102C81DBAF920 /* [CP] Check Pods Manifest.lock */,
				8453D66D1D03102000C61D72 /* Sources */,
				8453D66E1D03102000C61D72 /* Frameworks */,
				8453D66F1D03102000C61D72 /* CopyFiles */,
				7E579EE708C46F467CFC4D70 /* [CP] Copy Pods Resources */,
			);
			buildRules = (
			);
			dependencies = (
			);
			name = ObjectiveC;
			productName = ObjectiveC;
			productReference = 8453D6711D03102000C61D72 /* ObjectiveC */;
			productType = "com.apple.product-type.tool";
		};
		847EE0111D1EB53600561955 /* ObjCTests */ = {
			isa = PBXNativeTarget;
			buildConfigurationList = 847EE0191D1EB53700561955 /* Build configuration list for PBXNativeTarget "ObjCTests" */;
			buildPhases = (
				6BE93D6713C80AB4F23FAEF4 /* [CP] Check Pods Manifest.lock */,
				847EE00E1D1EB53600561955 /* Sources */,
				847EE00F1D1EB53600561955 /* Frameworks */,
				847EE0101D1EB53600561955 /* Resources */,
				BB8AA04C9A9349C20BEE3424 /* [CP] Embed Pods Frameworks */,
				FFC209DB5820A78637BC882D /* [CP] Copy Pods Resources */,
			);
			buildRules = (
			);
			dependencies = (
			);
			name = ObjCTests;
			productName = ObjCTests;
			productReference = 847EE0121D1EB53600561955 /* ObjCTests.xctest */;
			productType = "com.apple.product-type.bundle.unit-test";
		};
/* End PBXNativeTarget section */

/* Begin PBXProject section */
		8453D6691D03102000C61D72 /* Project object */ = {
			isa = PBXProject;
			attributes = {
				LastUpgradeCheck = 0730;
				ORGANIZATIONNAME = "Alexey Khomych";
				TargetAttributes = {
					8453D6701D03102000C61D72 = {
						CreatedOnToolsVersion = 7.3;
					};
					847EE0111D1EB53600561955 = {
						CreatedOnToolsVersion = 7.3;
					};
				};
			};
			buildConfigurationList = 8453D66C1D03102000C61D72 /* Build configuration list for PBXProject "ObjectiveC" */;
			compatibilityVersion = "Xcode 3.2";
			developmentRegion = English;
			hasScannedForEncodings = 0;
			knownRegions = (
				en,
			);
			mainGroup = 8453D6681D03102000C61D72;
			productRefGroup = 8453D6721D03102000C61D72 /* Products */;
			projectDirPath = "";
			projectRoot = "";
			targets = (
				8453D6701D03102000C61D72 /* ObjectiveC */,
				847EE0111D1EB53600561955 /* ObjCTests */,
			);
		};
/* End PBXProject section */

/* Begin PBXResourcesBuildPhase section */
		847EE0101D1EB53600561955 /* Resources */ = {
			isa = PBXResourcesBuildPhase;
			buildActionMask = 2147483647;
			files = (
			);
			runOnlyForDeploymentPostprocessing = 0;
		};
/* End PBXResourcesBuildPhase section */

/* Begin PBXShellScriptBuildPhase section */
		5B5E8E04B9E102C81DBAF920 /* [CP] Check Pods Manifest.lock */ = {
			isa = PBXShellScriptBuildPhase;
			buildActionMask = 2147483647;
			files = (
			);
			inputPaths = (
			);
			name = "[CP] Check Pods Manifest.lock";
			outputPaths = (
			);
			runOnlyForDeploymentPostprocessing = 0;
			shellPath = /bin/sh;
			shellScript = "diff \"${PODS_ROOT}/../Podfile.lock\" \"${PODS_ROOT}/Manifest.lock\" > /dev/null\nif [[ $? != 0 ]] ; then\n    cat << EOM\nerror: The sandbox is not in sync with the Podfile.lock. Run 'pod install' or update your CocoaPods installation.\nEOM\n    exit 1\nfi\n";
			showEnvVarsInLog = 0;
		};
		6BE93D6713C80AB4F23FAEF4 /* [CP] Check Pods Manifest.lock */ = {
			isa = PBXShellScriptBuildPhase;
			buildActionMask = 2147483647;
			files = (
			);
			inputPaths = (
			);
			name = "[CP] Check Pods Manifest.lock";
			outputPaths = (
			);
			runOnlyForDeploymentPostprocessing = 0;
			shellPath = /bin/sh;
			shellScript = "diff \"${PODS_ROOT}/../Podfile.lock\" \"${PODS_ROOT}/Manifest.lock\" > /dev/null\nif [[ $? != 0 ]] ; then\n    cat << EOM\nerror: The sandbox is not in sync with the Podfile.lock. Run 'pod install' or update your CocoaPods installation.\nEOM\n    exit 1\nfi\n";
			showEnvVarsInLog = 0;
		};
		7E579EE708C46F467CFC4D70 /* [CP] Copy Pods Resources */ = {
			isa = PBXShellScriptBuildPhase;
			buildActionMask = 2147483647;
			files = (
			);
			inputPaths = (
			);
			name = "[CP] Copy Pods Resources";
			outputPaths = (
			);
			runOnlyForDeploymentPostprocessing = 0;
			shellPath = /bin/sh;
			shellScript = "\"${SRCROOT}/Pods/Target Support Files/Pods-ObjectiveC/Pods-ObjectiveC-resources.sh\"\n";
			showEnvVarsInLog = 0;
		};
		BB8AA04C9A9349C20BEE3424 /* [CP] Embed Pods Frameworks */ = {
			isa = PBXShellScriptBuildPhase;
			buildActionMask = 2147483647;
			files = (
			);
			inputPaths = (
			);
			name = "[CP] Embed Pods Frameworks";
			outputPaths = (
			);
			runOnlyForDeploymentPostprocessing = 0;
			shellPath = /bin/sh;
			shellScript = "\"${SRCROOT}/Pods/Target Support Files/Pods-ObjCTests/Pods-ObjCTests-frameworks.sh\"\n";
			showEnvVarsInLog = 0;
		};
		FFC209DB5820A78637BC882D /* [CP] Copy Pods Resources */ = {
			isa = PBXShellScriptBuildPhase;
			buildActionMask = 2147483647;
			files = (
			);
			inputPaths = (
			);
			name = "[CP] Copy Pods Resources";
			outputPaths = (
			);
			runOnlyForDeploymentPostprocessing = 0;
			shellPath = /bin/sh;
			shellScript = "\"${SRCROOT}/Pods/Target Support Files/Pods-ObjCTests/Pods-ObjCTests-resources.sh\"\n";
			showEnvVarsInLog = 0;
		};
/* End PBXShellScriptBuildPhase section */

/* Begin PBXSourcesBuildPhase section */
		8453D66D1D03102000C61D72 /* Sources */ = {
			isa = PBXSourcesBuildPhase;
			buildActionMask = 2147483647;
			files = (
				847EE0DB1D1EB6D100561955 /* AKICreatureTest.m in Sources */,
				8486F07F1D269E47001C84CB /* AKIObservableObject.m in Sources */,
				847EE0D11D1EB6D100561955 /* AKICreature.m in Sources */,
				847EE0D71D1EB6D100561955 /* AKIRunApplication.m in Sources */,
				847EE0AF1D1EB6D100561955 /* NSObject+AKIExtensions.m in Sources */,
				847EE0C31D1EB6D100561955 /* AKICar.m in Sources */,
				847EE0B31D1EB6D100561955 /* main.m in Sources */,
				8486F0891D2E9369001C84CB /* NSArray+NSArray_AKIExtensions.m in Sources */,
				847EE0C91D1EB6D100561955 /* AKIWorker.m in Sources */,
				847EE0BB1D1EB6D100561955 /* AKIStringsAlphabet.m in Sources */,
				847EE0D31D1EB6D100561955 /* AKICreatureFemale.m in Sources */,
				847EE0BD1D1EB6D100561955 /* AKIBuilding.m in Sources */,
				847EE0B91D1EB6D100561955 /* AKIRangeAlphabet.m in Sources */,
				847EE0C11D1EB6D100561955 /* AKIOffice.m in Sources */,
				847EE0BF1D1EB6D100561955 /* AKIBox.m in Sources */,
				847EE0CD1D1EB6D100561955 /* AKIDirector.m in Sources */,
				847EE0B51D1EB6D100561955 /* AKIAlphabet.m in Sources */,
				847EE0CF1D1EB6D100561955 /* AKIWasher.m in Sources */,
				847EE0CB1D1EB6D100561955 /* AKIAccountant.m in Sources */,
				847EE0D51D1EB6D100561955 /* AKICreatureMale.m in Sources */,
				847EE0C51D1EB6D100561955 /* AKICarWash.m in Sources */,
				847EE0C71D1EB6D100561955 /* AKIQueue.m in Sources */,
				847EE0D91D1EB6D100561955 /* AKICarWashWorkerTest.m in Sources */,
				847EE0B11D1EB6D100561955 /* NSString+AKIExtensions.m in Sources */,
				847EE0B71D1EB6D100561955 /* AKIClusterAlphabet.m in Sources */,
			);
			runOnlyForDeploymentPostprocessing = 0;
		};
		847EE00E1D1EB53600561955 /* Sources */ = {
			isa = PBXSourcesBuildPhase;
			buildActionMask = 2147483647;
			files = (
				8486F0831D26C444001C84CB /* AKIWashCarSpec.m in Sources */,
				847EE0DC1D1EB6D100561955 /* AKICreatureTest.m in Sources */,
				847EE0D21D1EB6D100561955 /* AKICreature.m in Sources */,
				847EE0D81D1EB6D100561955 /* AKIRunApplication.m in Sources */,
				847EE0B01D1EB6D100561955 /* NSObject+AKIExtensions.m in Sources */,
				847EE0C41D1EB6D100561955 /* AKICar.m in Sources */,
				847EE0CA1D1EB6D100561955 /* AKIWorker.m in Sources */,
				847EE0BC1D1EB6D100561955 /* AKIStringsAlphabet.m in Sources */,
				847EE0D41D1EB6D100561955 /* AKICreatureFemale.m in Sources */,
				8486F0801D269E47001C84CB /* AKIObservableObject.m in Sources */,
				847EE0BE1D1EB6D100561955 /* AKIBuilding.m in Sources */,
				847EE0BA1D1EB6D100561955 /* AKIRangeAlphabet.m in Sources */,
				847EE0C21D1EB6D100561955 /* AKIOffice.m in Sources */,
				847EE0C01D1EB6D100561955 /* AKIBox.m in Sources */,
				847EE0CE1D1EB6D100561955 /* AKIDirector.m in Sources */,
				847EE0B61D1EB6D100561955 /* AKIAlphabet.m in Sources */,
				847EE0D01D1EB6D100561955 /* AKIWasher.m in Sources */,
				847EE0CC1D1EB6D100561955 /* AKIAccountant.m in Sources */,
				8486F06F1D25534D001C84CB /* AKIDelegatingObjectSpec.m in Sources */,
				847EE0DF1D1EE59A00561955 /* AKIAlphabetSpec.m in Sources */,
				847EE0D61D1EB6D100561955 /* AKICreatureMale.m in Sources */,
				847EE0C61D1EB6D100561955 /* AKICarWash.m in Sources */,
				847EE0C81D1EB6D100561955 /* AKIQueue.m in Sources */,
				847EE0DA1D1EB6D100561955 /* AKICarWashWorkerTest.m in Sources */,
				847EE0B21D1EB6D100561955 /* NSString+AKIExtensions.m in Sources */,
				8486F08A1D2E9369001C84CB /* NSArray+NSArray_AKIExtensions.m in Sources */,
				847EE0B81D1EB6D100561955 /* AKIClusterAlphabet.m in Sources */,
			);
			runOnlyForDeploymentPostprocessing = 0;
		};
/* End PBXSourcesBuildPhase section */

/* Begin XCBuildConfiguration section */
		8453D6761D03102000C61D72 /* Debug */ = {
			isa = XCBuildConfiguration;
			buildSettings = {
				ALWAYS_SEARCH_USER_PATHS = NO;
				CLANG_ANALYZER_NONNULL = YES;
				CLANG_CXX_LANGUAGE_STANDARD = "gnu++0x";
				CLANG_CXX_LIBRARY = "libc++";
				CLANG_ENABLE_MODULES = YES;
				CLANG_ENABLE_OBJC_ARC = YES;
				CLANG_WARN_BOOL_CONVERSION = YES;
				CLANG_WARN_CONSTANT_CONVERSION = YES;
				CLANG_WARN_DIRECT_OBJC_ISA_USAGE = YES_ERROR;
				CLANG_WARN_EMPTY_BODY = YES;
				CLANG_WARN_ENUM_CONVERSION = YES;
				CLANG_WARN_INT_CONVERSION = YES;
				CLANG_WARN_OBJC_ROOT_CLASS = YES_ERROR;
				CLANG_WARN_UNREACHABLE_CODE = YES;
				CLANG_WARN__DUPLICATE_METHOD_MATCH = YES;
				CODE_SIGN_IDENTITY = "-";
				COPY_PHASE_STRIP = NO;
				DEBUG_INFORMATION_FORMAT = dwarf;
				ENABLE_STRICT_OBJC_MSGSEND = YES;
				ENABLE_TESTABILITY = YES;
				GCC_C_LANGUAGE_STANDARD = gnu99;
				GCC_DYNAMIC_NO_PIC = NO;
				GCC_NO_COMMON_BLOCKS = YES;
				GCC_OPTIMIZATION_LEVEL = 0;
				GCC_PREPROCESSOR_DEFINITIONS = (
					"DEBUG=1",
					"$(inherited)",
				);
				GCC_WARN_64_TO_32_BIT_CONVERSION = YES;
				GCC_WARN_ABOUT_RETURN_TYPE = YES_ERROR;
				GCC_WARN_UNDECLARED_SELECTOR = YES;
				GCC_WARN_UNINITIALIZED_AUTOS = YES_AGGRESSIVE;
				GCC_WARN_UNUSED_FUNCTION = YES;
				GCC_WARN_UNUSED_VARIABLE = YES;
				MACOSX_DEPLOYMENT_TARGET = 10.11;
				MTL_ENABLE_DEBUG_INFO = YES;
				ONLY_ACTIVE_ARCH = YES;
				SDKROOT = macosx;
			};
			name = Debug;
		};
		8453D6771D03102000C61D72 /* Release */ = {
			isa = XCBuildConfiguration;
			buildSettings = {
				ALWAYS_SEARCH_USER_PATHS = NO;
				CLANG_ANALYZER_NONNULL = YES;
				CLANG_CXX_LANGUAGE_STANDARD = "gnu++0x";
				CLANG_CXX_LIBRARY = "libc++";
				CLANG_ENABLE_MODULES = YES;
				CLANG_ENABLE_OBJC_ARC = YES;
				CLANG_WARN_BOOL_CONVERSION = YES;
				CLANG_WARN_CONSTANT_CONVERSION = YES;
				CLANG_WARN_DIRECT_OBJC_ISA_USAGE = YES_ERROR;
				CLANG_WARN_EMPTY_BODY = YES;
				CLANG_WARN_ENUM_CONVERSION = YES;
				CLANG_WARN_INT_CONVERSION = YES;
				CLANG_WARN_OBJC_ROOT_CLASS = YES_ERROR;
				CLANG_WARN_UNREACHABLE_CODE = YES;
				CLANG_WARN__DUPLICATE_METHOD_MATCH = YES;
				CODE_SIGN_IDENTITY = "-";
				COPY_PHASE_STRIP = NO;
				DEBUG_INFORMATION_FORMAT = "dwarf-with-dsym";
				ENABLE_NS_ASSERTIONS = NO;
				ENABLE_STRICT_OBJC_MSGSEND = YES;
				GCC_C_LANGUAGE_STANDARD = gnu99;
				GCC_NO_COMMON_BLOCKS = YES;
				GCC_WARN_64_TO_32_BIT_CONVERSION = YES;
				GCC_WARN_ABOUT_RETURN_TYPE = YES_ERROR;
				GCC_WARN_UNDECLARED_SELECTOR = YES;
				GCC_WARN_UNINITIALIZED_AUTOS = YES_AGGRESSIVE;
				GCC_WARN_UNUSED_FUNCTION = YES;
				GCC_WARN_UNUSED_VARIABLE = YES;
				MACOSX_DEPLOYMENT_TARGET = 10.11;
				MTL_ENABLE_DEBUG_INFO = NO;
				SDKROOT = macosx;
			};
			name = Release;
		};
		8453D6791D03102000C61D72 /* Debug */ = {
			isa = XCBuildConfiguration;
			buildSettings = {
				CLANG_ENABLE_OBJC_ARC = NO;
				MACOSX_DEPLOYMENT_TARGET = 10.10;
				PRODUCT_NAME = "$(TARGET_NAME)";
			};
			name = Debug;
		};
		8453D67A1D03102000C61D72 /* Release */ = {
			isa = XCBuildConfiguration;
			buildSettings = {
				CLANG_ENABLE_OBJC_ARC = NO;
				MACOSX_DEPLOYMENT_TARGET = 10.10;
				PRODUCT_NAME = "$(TARGET_NAME)";
			};
			name = Release;
		};
		847EE0171D1EB53700561955 /* Debug */ = {
			isa = XCBuildConfiguration;
			baseConfigurationReference = 6ED110C10E63D04D7178356C /* Pods-ObjCTests.debug.xcconfig */;
			buildSettings = {
				COMBINE_HIDPI_IMAGES = YES;
				INFOPLIST_FILE = ObjCTests/Info.plist;
				LD_RUNPATH_SEARCH_PATHS = "$(inherited) @executable_path/../Frameworks @loader_path/../Frameworks";
				PRODUCT_BUNDLE_IDENTIFIER = AKI.ObjCTests;
				PRODUCT_NAME = "$(TARGET_NAME)";
			};
			name = Debug;
		};
		847EE0181D1EB53700561955 /* Release */ = {
			isa = XCBuildConfiguration;
			baseConfigurationReference = BDB226545FD32522FC6FFEFC /* Pods-ObjCTests.release.xcconfig */;
			buildSettings = {
				COMBINE_HIDPI_IMAGES = YES;
				INFOPLIST_FILE = ObjCTests/Info.plist;
				LD_RUNPATH_SEARCH_PATHS = "$(inherited) @executable_path/../Frameworks @loader_path/../Frameworks";
				PRODUCT_BUNDLE_IDENTIFIER = AKI.ObjCTests;
				PRODUCT_NAME = "$(TARGET_NAME)";
			};
			name = Release;
		};
/* End XCBuildConfiguration section */

/* Begin XCConfigurationList section */
		8453D66C1D03102000C61D72 /* Build configuration list for PBXProject "ObjectiveC" */ = {
			isa = XCConfigurationList;
			buildConfigurations = (
				8453D6761D03102000C61D72 /* Debug */,
				8453D6771D03102000C61D72 /* Release */,
			);
			defaultConfigurationIsVisible = 0;
			defaultConfigurationName = Release;
		};
		8453D6781D03102000C61D72 /* Build configuration list for PBXNativeTarget "ObjectiveC" */ = {
			isa = XCConfigurationList;
			buildConfigurations = (
				8453D6791D03102000C61D72 /* Debug */,
				8453D67A1D03102000C61D72 /* Release */,
			);
			defaultConfigurationIsVisible = 0;
			defaultConfigurationName = Release;
		};
		847EE0191D1EB53700561955 /* Build configuration list for PBXNativeTarget "ObjCTests" */ = {
			isa = XCConfigurationList;
			buildConfigurations = (
				847EE0171D1EB53700561955 /* Debug */,
				847EE0181D1EB53700561955 /* Release */,
			);
			defaultConfigurationIsVisible = 0;
			defaultConfigurationName = Release;
		};
/* End XCConfigurationList section */
	};
	rootObject = 8453D6691D03102000C61D72 /* Project object */;
}
