// !$*UTF8*$!
{
	archiveVersion = 1;
	classes = {
	};
	objectVersion = 46;
	objects = {

/* Begin PBXBuildFile section */
		8453D6751D03102000C61D72 /* main.m in Sources */ = {isa = PBXBuildFile; fileRef = 8453D6741D03102000C61D72 /* main.m */; };
		84EF2C8F1D03570500CBC2A1 /* AKICreature.m in Sources */ = {isa = PBXBuildFile; fileRef = 84EF2C8E1D03570500CBC2A1 /* AKICreature.m */; };
		84EF2C911D03598E00CBC2A1 /* AKIRunApplication.m in Sources */ = {isa = PBXBuildFile; fileRef = 84EF2C901D03598E00CBC2A1 /* AKIRunApplication.m */; };
		84EF2C9C1D0964C800CBC2A1 /* AKICreatureMale.m in Sources */ = {isa = PBXBuildFile; fileRef = 84EF2C9B1D0964C800CBC2A1 /* AKICreatureMale.m */; };
		84EF2C9F1D09650000CBC2A1 /* AKICreatureFemale.m in Sources */ = {isa = PBXBuildFile; fileRef = 84EF2C9E1D09650000CBC2A1 /* AKICreatureFemale.m */; };
		84EF2CA61D0975BF00CBC2A1 /* AKICreatureTest.m in Sources */ = {isa = PBXBuildFile; fileRef = 84EF2CA51D0975BF00CBC2A1 /* AKICreatureTest.m */; };
		84EF2CA91D0B02DE00CBC2A1 /* NSObject+AKICategory.m in Sources */ = {isa = PBXBuildFile; fileRef = 84EF2CA81D0B02DE00CBC2A1 /* NSObject+AKICategory.m */; };
/* End PBXBuildFile section */

/* Begin PBXCopyFilesBuildPhase section */
		8453D66F1D03102000C61D72 /* CopyFiles */ = {
			isa = PBXCopyFilesBuildPhase;
			buildActionMask = 2147483647;
			dstPath = /usr/share/man/man1/;
			dstSubfolderSpec = 0;
			files = (
			);
			runOnlyForDeploymentPostprocessing = 1;
		};
/* End PBXCopyFilesBuildPhase section */

/* Begin PBXFileReference section */
		8453D6711D03102000C61D72 /* ObjectiveC */ = {isa = PBXFileReference; explicitFileType = "compiled.mach-o.executable"; includeInIndex = 0; path = ObjectiveC; sourceTree = BUILT_PRODUCTS_DIR; };
		8453D6741D03102000C61D72 /* main.m */ = {isa = PBXFileReference; lastKnownFileType = sourcecode.c.objc; path = main.m; sourceTree = "<group>"; };
		84EF2C8D1D03570500CBC2A1 /* AKICreature.h */ = {isa = PBXFileReference; fileEncoding = 4; lastKnownFileType = sourcecode.c.h; path = AKICreature.h; sourceTree = "<group>"; };
		84EF2C8E1D03570500CBC2A1 /* AKICreature.m */ = {isa = PBXFileReference; fileEncoding = 4; lastKnownFileType = sourcecode.c.objc; path = AKICreature.m; sourceTree = "<group>"; };
		84EF2C901D03598E00CBC2A1 /* AKIRunApplication.m */ = {isa = PBXFileReference; fileEncoding = 4; lastKnownFileType = sourcecode.c.objc; path = AKIRunApplication.m; sourceTree = "<group>"; };
		84EF2C931D0359EB00CBC2A1 /* AKIRunApplication.h */ = {isa = PBXFileReference; fileEncoding = 4; lastKnownFileType = sourcecode.c.h; path = AKIRunApplication.h; sourceTree = "<group>"; };
		84EF2C9A1D0964C800CBC2A1 /* AKICreatureMale.h */ = {isa = PBXFileReference; fileEncoding = 4; lastKnownFileType = sourcecode.c.h; name = AKICreatureMale.h; path = ObjectiveC/Source/AKICreatures/AKICreatureMale/AKICreatureMale.h; sourceTree = SOURCE_ROOT; };
		84EF2C9B1D0964C800CBC2A1 /* AKICreatureMale.m */ = {isa = PBXFileReference; fileEncoding = 4; lastKnownFileType = sourcecode.c.objc; name = AKICreatureMale.m; path = ObjectiveC/Source/AKICreatures/AKICreatureMale/AKICreatureMale.m; sourceTree = SOURCE_ROOT; };
		84EF2C9D1D09650000CBC2A1 /* AKICreatureFemale.h */ = {isa = PBXFileReference; fileEncoding = 4; lastKnownFileType = sourcecode.c.h; path = AKICreatureFemale.h; sourceTree = "<group>"; };
		84EF2C9E1D09650000CBC2A1 /* AKICreatureFemale.m */ = {isa = PBXFileReference; fileEncoding = 4; lastKnownFileType = sourcecode.c.objc; path = AKICreatureFemale.m; sourceTree = "<group>"; };
		84EF2CA41D0975BF00CBC2A1 /* AKICreatureTest.h */ = {isa = PBXFileReference; fileEncoding = 4; lastKnownFileType = sourcecode.c.h; path = AKICreatureTest.h; sourceTree = "<group>"; };
		84EF2CA51D0975BF00CBC2A1 /* AKICreatureTest.m */ = {isa = PBXFileReference; fileEncoding = 4; lastKnownFileType = sourcecode.c.objc; path = AKICreatureTest.m; sourceTree = "<group>"; };
		84EF2CA71D0B02DE00CBC2A1 /* NSObject+AKICategory.h */ = {isa = PBXFileReference; fileEncoding = 4; lastKnownFileType = sourcecode.c.h; path = "NSObject+AKICategory.h"; sourceTree = "<group>"; };
		84EF2CA81D0B02DE00CBC2A1 /* NSObject+AKICategory.m */ = {isa = PBXFileReference; fileEncoding = 4; lastKnownFileType = sourcecode.c.objc; path = "NSObject+AKICategory.m"; sourceTree = "<group>"; };
/* End PBXFileReference section */

/* Begin PBXFrameworksBuildPhase section */
		8453D66E1D03102000C61D72 /* Frameworks */ = {
			isa = PBXFrameworksBuildPhase;
			buildActionMask = 2147483647;
			files = (
			);
			runOnlyForDeploymentPostprocessing = 0;
		};
/* End PBXFrameworksBuildPhase section */

/* Begin PBXGroup section */
		8453D6681D03102000C61D72 = {
			isa = PBXGroup;
			children = (
				8453D6731D03102000C61D72 /* ObjectiveC */,
				8453D6721D03102000C61D72 /* Products */,
			);
			sourceTree = "<group>";
		};
		8453D6721D03102000C61D72 /* Products */ = {
			isa = PBXGroup;
			children = (
				8453D6711D03102000C61D72 /* ObjectiveC */,
			);
			name = Products;
			sourceTree = "<group>";
		};
		8453D6731D03102000C61D72 /* ObjectiveC */ = {
			isa = PBXGroup;
			children = (
				8453D67B1D0315A100C61D72 /* Source */,
				8453D6741D03102000C61D72 /* main.m */,
			);
			path = ObjectiveC;
			sourceTree = "<group>";
		};
		8453D67B1D0315A100C61D72 /* Source */ = {
			isa = PBXGroup;
			children = (
				84EF2C8C1D0356D400CBC2A1 /* AKICreatures */,
				8453D67C1D03164700C61D72 /* Test */,
				84EF2C901D03598E00CBC2A1 /* AKIRunApplication.m */,
				84EF2C931D0359EB00CBC2A1 /* AKIRunApplication.h */,
			);
			path = Source;
			sourceTree = "<group>";
		};
		8453D67C1D03164700C61D72 /* Test */ = {
			isa = PBXGroup;
			children = (
				84EF2CA01D09757E00CBC2A1 /* AKICreatureTest */,
			);
			path = Test;
			sourceTree = "<group>";
		};
		84EF2C8C1D0356D400CBC2A1 /* AKICreatures */ = {
			isa = PBXGroup;
			children = (
				84EF2C991D09647400CBC2A1 /* AKICreatureFemale */,
				84EF2C941D049C5800CBC2A1 /* AKICreatureMale */,
				84EF2C8D1D03570500CBC2A1 /* AKICreature.h */,
				84EF2C8E1D03570500CBC2A1 /* AKICreature.m */,
				84EF2CA71D0B02DE00CBC2A1 /* NSObject+AKICategory.h */,
				84EF2CA81D0B02DE00CBC2A1 /* NSObject+AKICategory.m */,
			);
			path = AKICreatures;
			sourceTree = "<group>";
		};
		84EF2C941D049C5800CBC2A1 /* AKICreatureMale */ = {
			isa = PBXGroup;
			children = (
				84EF2C9A1D0964C800CBC2A1 /* AKICreatureMale.h */,
				84EF2C9B1D0964C800CBC2A1 /* AKICreatureMale.m */,
			);
			name = AKICreatureMale;
			path = AKICreaturesMale;
			sourceTree = "<group>";
		};
		84EF2C991D09647400CBC2A1 /* AKICreatureFemale */ = {
			isa = PBXGroup;
			children = (
				84EF2C9D1D09650000CBC2A1 /* AKICreatureFemale.h */,
				84EF2C9E1D09650000CBC2A1 /* AKICreatureFemale.m */,
			);
			path = AKICreatureFemale;
			sourceTree = "<group>";
		};
		84EF2CA01D09757E00CBC2A1 /* AKICreatureTest */ = {
			isa = PBXGroup;
			children = (
				84EF2CA41D0975BF00CBC2A1 /* AKICreatureTest.h */,
				84EF2CA51D0975BF00CBC2A1 /* AKICreatureTest.m */,
			);
			path = AKICreatureTest;
			sourceTree = "<group>";
		};
/* End PBXGroup section */

/* Begin PBXNativeTarget section */
		8453D6701D03102000C61D72 /* ObjectiveC */ = {
			isa = PBXNativeTarget;
			buildConfigurationList = 8453D6781D03102000C61D72 /* Build configuration list for PBXNativeTarget "ObjectiveC" */;
			buildPhases = (
				8453D66D1D03102000C61D72 /* Sources */,
				8453D66E1D03102000C61D72 /* Frameworks */,
				8453D66F1D03102000C61D72 /* CopyFiles */,
			);
			buildRules = (
			);
			dependencies = (
			);
			name = ObjectiveC;
			productName = ObjectiveC;
			productReference = 8453D6711D03102000C61D72 /* ObjectiveC */;
			productType = "com.apple.product-type.tool";
		};
/* End PBXNativeTarget section */

/* Begin PBXProject section */
		8453D6691D03102000C61D72 /* Project object */ = {
			isa = PBXProject;
			attributes = {
				LastUpgradeCheck = 0730;
				ORGANIZATIONNAME = "Alexey Khomych";
				TargetAttributes = {
					8453D6701D03102000C61D72 = {
						CreatedOnToolsVersion = 7.3;
					};
				};
			};
			buildConfigurationList = 8453D66C1D03102000C61D72 /* Build configuration list for PBXProject "ObjectiveC" */;
			compatibilityVersion = "Xcode 3.2";
			developmentRegion = English;
			hasScannedForEncodings = 0;
			knownRegions = (
				en,
			);
			mainGroup = 8453D6681D03102000C61D72;
			productRefGroup = 8453D6721D03102000C61D72 /* Products */;
			projectDirPath = "";
			projectRoot = "";
			targets = (
				8453D6701D03102000C61D72 /* ObjectiveC */,
			);
		};
/* End PBXProject section */

/* Begin PBXSourcesBuildPhase section */
		8453D66D1D03102000C61D72 /* Sources */ = {
			isa = PBXSourcesBuildPhase;
			buildActionMask = 2147483647;
			files = (
				84EF2C8F1D03570500CBC2A1 /* AKICreature.m in Sources */,
				84EF2C9C1D0964C800CBC2A1 /* AKICreatureMale.m in Sources */,
				84EF2C9F1D09650000CBC2A1 /* AKICreatureFemale.m in Sources */,
				84EF2CA61D0975BF00CBC2A1 /* AKICreatureTest.m in Sources */,
				84EF2C911D03598E00CBC2A1 /* AKIRunApplication.m in Sources */,
				8453D6751D03102000C61D72 /* main.m in Sources */,
				84EF2CA91D0B02DE00CBC2A1 /* NSObject+AKICategory.m in Sources */,
			);
			runOnlyForDeploymentPostprocessing = 0;
		};
/* End PBXSourcesBuildPhase section */

/* Begin XCBuildConfiguration section */
		8453D6761D03102000C61D72 /* Debug */ = {
			isa = XCBuildConfiguration;
			buildSettings = {
				ALWAYS_SEARCH_USER_PATHS = NO;
				CLANG_ANALYZER_NONNULL = YES;
				CLANG_CXX_LANGUAGE_STANDARD = "gnu++0x";
				CLANG_CXX_LIBRARY = "libc++";
				CLANG_ENABLE_MODULES = YES;
				CLANG_ENABLE_OBJC_ARC = YES;
				CLANG_WARN_BOOL_CONVERSION = YES;
				CLANG_WARN_CONSTANT_CONVERSION = YES;
				CLANG_WARN_DIRECT_OBJC_ISA_USAGE = YES_ERROR;
				CLANG_WARN_EMPTY_BODY = YES;
				CLANG_WARN_ENUM_CONVERSION = YES;
				CLANG_WARN_INT_CONVERSION = YES;
				CLANG_WARN_OBJC_ROOT_CLASS = YES_ERROR;
				CLANG_WARN_UNREACHABLE_CODE = YES;
				CLANG_WARN__DUPLICATE_METHOD_MATCH = YES;
				CODE_SIGN_IDENTITY = "-";
				COPY_PHASE_STRIP = NO;
				DEBUG_INFORMATION_FORMAT = dwarf;
				ENABLE_STRICT_OBJC_MSGSEND = YES;
				ENABLE_TESTABILITY = YES;
				GCC_C_LANGUAGE_STANDARD = gnu99;
				GCC_DYNAMIC_NO_PIC = NO;
				GCC_NO_COMMON_BLOCKS = YES;
				GCC_OPTIMIZATION_LEVEL = 0;
				GCC_PREPROCESSOR_DEFINITIONS = (
					"DEBUG=1",
					"$(inherited)",
				);
				GCC_WARN_64_TO_32_BIT_CONVERSION = YES;
				GCC_WARN_ABOUT_RETURN_TYPE = YES_ERROR;
				GCC_WARN_UNDECLARED_SELECTOR = YES;
				GCC_WARN_UNINITIALIZED_AUTOS = YES_AGGRESSIVE;
				GCC_WARN_UNUSED_FUNCTION = YES;
				GCC_WARN_UNUSED_VARIABLE = YES;
				MACOSX_DEPLOYMENT_TARGET = 10.11;
				MTL_ENABLE_DEBUG_INFO = YES;
				ONLY_ACTIVE_ARCH = YES;
				SDKROOT = macosx;
			};
			name = Debug;
		};
		8453D6771D03102000C61D72 /* Release */ = {
			isa = XCBuildConfiguration;
			buildSettings = {
				ALWAYS_SEARCH_USER_PATHS = NO;
				CLANG_ANALYZER_NONNULL = YES;
				CLANG_CXX_LANGUAGE_STANDARD = "gnu++0x";
				CLANG_CXX_LIBRARY = "libc++";
				CLANG_ENABLE_MODULES = YES;
				CLANG_ENABLE_OBJC_ARC = YES;
				CLANG_WARN_BOOL_CONVERSION = YES;
				CLANG_WARN_CONSTANT_CONVERSION = YES;
				CLANG_WARN_DIRECT_OBJC_ISA_USAGE = YES_ERROR;
				CLANG_WARN_EMPTY_BODY = YES;
				CLANG_WARN_ENUM_CONVERSION = YES;
				CLANG_WARN_INT_CONVERSION = YES;
				CLANG_WARN_OBJC_ROOT_CLASS = YES_ERROR;
				CLANG_WARN_UNREACHABLE_CODE = YES;
				CLANG_WARN__DUPLICATE_METHOD_MATCH = YES;
				CODE_SIGN_IDENTITY = "-";
				COPY_PHASE_STRIP = NO;
				DEBUG_INFORMATION_FORMAT = "dwarf-with-dsym";
				ENABLE_NS_ASSERTIONS = NO;
				ENABLE_STRICT_OBJC_MSGSEND = YES;
				GCC_C_LANGUAGE_STANDARD = gnu99;
				GCC_NO_COMMON_BLOCKS = YES;
				GCC_WARN_64_TO_32_BIT_CONVERSION = YES;
				GCC_WARN_ABOUT_RETURN_TYPE = YES_ERROR;
				GCC_WARN_UNDECLARED_SELECTOR = YES;
				GCC_WARN_UNINITIALIZED_AUTOS = YES_AGGRESSIVE;
				GCC_WARN_UNUSED_FUNCTION = YES;
				GCC_WARN_UNUSED_VARIABLE = YES;
				MACOSX_DEPLOYMENT_TARGET = 10.11;
				MTL_ENABLE_DEBUG_INFO = NO;
				SDKROOT = macosx;
			};
			name = Release;
		};
		8453D6791D03102000C61D72 /* Debug */ = {
			isa = XCBuildConfiguration;
			buildSettings = {
				CLANG_ENABLE_OBJC_ARC = NO;
				PRODUCT_NAME = "$(TARGET_NAME)";
			};
			name = Debug;
		};
		8453D67A1D03102000C61D72 /* Release */ = {
			isa = XCBuildConfiguration;
			buildSettings = {
				CLANG_ENABLE_OBJC_ARC = NO;
				PRODUCT_NAME = "$(TARGET_NAME)";
			};
			name = Release;
		};
/* End XCBuildConfiguration section */

/* Begin XCConfigurationList section */
		8453D66C1D03102000C61D72 /* Build configuration list for PBXProject "ObjectiveC" */ = {
			isa = XCConfigurationList;
			buildConfigurations = (
				8453D6761D03102000C61D72 /* Debug */,
				8453D6771D03102000C61D72 /* Release */,
			);
			defaultConfigurationIsVisible = 0;
			defaultConfigurationName = Release;
		};
		8453D6781D03102000C61D72 /* Build configuration list for PBXNativeTarget "ObjectiveC" */ = {
			isa = XCConfigurationList;
			buildConfigurations = (
				8453D6791D03102000C61D72 /* Debug */,
				8453D67A1D03102000C61D72 /* Release */,
			);
			defaultConfigurationIsVisible = 0;
			defaultConfigurationName = Release;
		};
/* End XCConfigurationList section */
	};
	rootObject = 8453D6691D03102000C61D72 /* Project object */;
}
